// !$*UTF8*$!
{
	archiveVersion = 1;
	classes = {
	};
	objectVersion = 77;
	objects = {

/* Begin PBXBuildFile section */
		28D1B9242E39220300EBD87C /* GoogleMobileAds in Frameworks */ = {isa = PBXBuildFile; productRef = 28D1B9232E39220300EBD87C /* GoogleMobileAds */; };
/* End PBXBuildFile section */

/* Begin PBXContainerItemProxy section */
		28AA08272E0BE4AC00B718BC /* PBXContainerItemProxy */ = {
			isa = PBXContainerItemProxy;
			containerPortal = 28AA08112E0BE4AB00B718BC /* Project object */;
			proxyType = 1;
			remoteGlobalIDString = 28AA08182E0BE4AB00B718BC;
			remoteInfo = BikeCollectionMemo;
		};
		28AA08312E0BE4AC00B718BC /* PBXContainerItemProxy */ = {
			isa = PBXContainerItemProxy;
			containerPortal = 28AA08112E0BE4AB00B718BC /* Project object */;
			proxyType = 1;
			remoteGlobalIDString = 28AA08182E0BE4AB00B718BC;
			remoteInfo = BikeCollectionMemo;
		};
/* End PBXContainerItemProxy section */

/* Begin PBXFileReference section */
		28AA08192E0BE4AB00B718BC /* モトメモ.app */ = {isa = PBXFileReference; explicitFileType = wrapper.application; includeInIndex = 0; path = "モトメモ.app"; sourceTree = BUILT_PRODUCTS_DIR; };
		28AA08262E0BE4AC00B718BC /* BikeCollectionMemoTests.xctest */ = {isa = PBXFileReference; explicitFileType = wrapper.cfbundle; includeInIndex = 0; name = BikeCollectionMemoTests.xctest; path = "モトメモ.xctest"; sourceTree = BUILT_PRODUCTS_DIR; };
		28AA08302E0BE4AC00B718BC /* BikeCollectionMemoUITests.xctest */ = {isa = PBXFileReference; explicitFileType = wrapper.cfbundle; includeInIndex = 0; name = BikeCollectionMemoUITests.xctest; path = "モトメモ.xctest"; sourceTree = BUILT_PRODUCTS_DIR; };
/* End PBXFileReference section */

/* Begin PBXFileSystemSynchronizedBuildFileExceptionSet section */
		28D1B98A2E39274A00EBD87C /* Exceptions for "BikeCollectionMemo" folder in "BikeCollectionMemo" target */ = {
			isa = PBXFileSystemSynchronizedBuildFileExceptionSet;
			membershipExceptions = (
				Info.plist,
			);
			target = 28AA08182E0BE4AB00B718BC /* BikeCollectionMemo */;
		};
/* End PBXFileSystemSynchronizedBuildFileExceptionSet section */

/* Begin PBXFileSystemSynchronizedRootGroup section */
		28AA081B2E0BE4AB00B718BC /* BikeCollectionMemo */ = {
			isa = PBXFileSystemSynchronizedRootGroup;
			exceptions = (
				28D1B98A2E39274A00EBD87C /* Exceptions for "BikeCollectionMemo" folder in "BikeCollectionMemo" target */,
			);
			path = BikeCollectionMemo;
			sourceTree = "<group>";
		};
		28AA08292E0BE4AC00B718BC /* BikeCollectionMemoTests */ = {
			isa = PBXFileSystemSynchronizedRootGroup;
			path = BikeCollectionMemoTests;
			sourceTree = "<group>";
		};
		28AA08332E0BE4AC00B718BC /* BikeCollectionMemoUITests */ = {
			isa = PBXFileSystemSynchronizedRootGroup;
			path = BikeCollectionMemoUITests;
			sourceTree = "<group>";
		};
/* End PBXFileSystemSynchronizedRootGroup section */

/* Begin PBXFrameworksBuildPhase section */
		28AA08162E0BE4AB00B718BC /* Frameworks */ = {
			isa = PBXFrameworksBuildPhase;
			buildActionMask = 2147483647;
			files = (
				28D1B9242E39220300EBD87C /* GoogleMobileAds in Frameworks */,
			);
			runOnlyForDeploymentPostprocessing = 0;
		};
		28AA08232E0BE4AC00B718BC /* Frameworks */ = {
			isa = PBXFrameworksBuildPhase;
			buildActionMask = 2147483647;
			files = (
			);
			runOnlyForDeploymentPostprocessing = 0;
		};
		28AA082D2E0BE4AC00B718BC /* Frameworks */ = {
			isa = PBXFrameworksBuildPhase;
			buildActionMask = 2147483647;
			files = (
			);
			runOnlyForDeploymentPostprocessing = 0;
		};
/* End PBXFrameworksBuildPhase section */

/* Begin PBXGroup section */
		28AA08102E0BE4AB00B718BC = {
			isa = PBXGroup;
			children = (
				28AA081B2E0BE4AB00B718BC /* BikeCollectionMemo */,
				28AA08292E0BE4AC00B718BC /* BikeCollectionMemoTests */,
				28AA08332E0BE4AC00B718BC /* BikeCollectionMemoUITests */,
				28D1B9222E39220300EBD87C /* Frameworks */,
				28AA081A2E0BE4AB00B718BC /* Products */,
			);
			sourceTree = "<group>";
		};
		28AA081A2E0BE4AB00B718BC /* Products */ = {
			isa = PBXGroup;
			children = (
				28AA08192E0BE4AB00B718BC /* モトメモ.app */,
				28AA08262E0BE4AC00B718BC /* BikeCollectionMemoTests.xctest */,
				28AA08302E0BE4AC00B718BC /* BikeCollectionMemoUITests.xctest */,
			);
			name = Products;
			sourceTree = "<group>";
		};
		28D1B9222E39220300EBD87C /* Frameworks */ = {
			isa = PBXGroup;
			children = (
			);
			name = Frameworks;
			sourceTree = "<group>";
		};
/* End PBXGroup section */

/* Begin PBXNativeTarget section */
		28AA08182E0BE4AB00B718BC /* BikeCollectionMemo */ = {
			isa = PBXNativeTarget;
			buildConfigurationList = 28AA083A2E0BE4AC00B718BC /* Build configuration list for PBXNativeTarget "BikeCollectionMemo" */;
			buildPhases = (
				28AA08152E0BE4AB00B718BC /* Sources */,
				28AA08162E0BE4AB00B718BC /* Frameworks */,
				28AA08172E0BE4AB00B718BC /* Resources */,
			);
			buildRules = (
			);
			dependencies = (
			);
			fileSystemSynchronizedGroups = (
				28AA081B2E0BE4AB00B718BC /* BikeCollectionMemo */,
			);
			name = BikeCollectionMemo;
			packageProductDependencies = (
				28D1B9232E39220300EBD87C /* GoogleMobileAds */,
			);
			productName = BikeCollectionMemo;
			productReference = 28AA08192E0BE4AB00B718BC /* モトメモ.app */;
			productType = "com.apple.product-type.application";
		};
		28AA08252E0BE4AC00B718BC /* BikeCollectionMemoTests */ = {
			isa = PBXNativeTarget;
			buildConfigurationList = 28AA083D2E0BE4AC00B718BC /* Build configuration list for PBXNativeTarget "BikeCollectionMemoTests" */;
			buildPhases = (
				28AA08222E0BE4AC00B718BC /* Sources */,
				28AA08232E0BE4AC00B718BC /* Frameworks */,
				28AA08242E0BE4AC00B718BC /* Resources */,
			);
			buildRules = (
			);
			dependencies = (
				28AA08282E0BE4AC00B718BC /* PBXTargetDependency */,
			);
			fileSystemSynchronizedGroups = (
				28AA08292E0BE4AC00B718BC /* BikeCollectionMemoTests */,
			);
			name = BikeCollectionMemoTests;
			packageProductDependencies = (
			);
			productName = BikeCollectionMemoTests;
			productReference = 28AA08262E0BE4AC00B718BC /* BikeCollectionMemoTests.xctest */;
			productType = "com.apple.product-type.bundle.unit-test";
		};
		28AA082F2E0BE4AC00B718BC /* BikeCollectionMemoUITests */ = {
			isa = PBXNativeTarget;
			buildConfigurationList = 28AA08402E0BE4AC00B718BC /* Build configuration list for PBXNativeTarget "BikeCollectionMemoUITests" */;
			buildPhases = (
				28AA082C2E0BE4AC00B718BC /* Sources */,
				28AA082D2E0BE4AC00B718BC /* Frameworks */,
				28AA082E2E0BE4AC00B718BC /* Resources */,
			);
			buildRules = (
			);
			dependencies = (
				28AA08322E0BE4AC00B718BC /* PBXTargetDependency */,
			);
			fileSystemSynchronizedGroups = (
				28AA08332E0BE4AC00B718BC /* BikeCollectionMemoUITests */,
			);
			name = BikeCollectionMemoUITests;
			packageProductDependencies = (
			);
			productName = BikeCollectionMemoUITests;
			productReference = 28AA08302E0BE4AC00B718BC /* BikeCollectionMemoUITests.xctest */;
			productType = "com.apple.product-type.bundle.ui-testing";
		};
/* End PBXNativeTarget section */

/* Begin PBXProject section */
		28AA08112E0BE4AB00B718BC /* Project object */ = {
			isa = PBXProject;
			attributes = {
				BuildIndependentTargetsInParallel = 1;
				LastSwiftUpdateCheck = 1630;
				LastUpgradeCheck = 1630;
				TargetAttributes = {
					28AA08182E0BE4AB00B718BC = {
						CreatedOnToolsVersion = 16.3;
					};
					28AA08252E0BE4AC00B718BC = {
						CreatedOnToolsVersion = 16.3;
						TestTargetID = 28AA08182E0BE4AB00B718BC;
					};
					28AA082F2E0BE4AC00B718BC = {
						CreatedOnToolsVersion = 16.3;
						TestTargetID = 28AA08182E0BE4AB00B718BC;
					};
				};
			};
			buildConfigurationList = 28AA08142E0BE4AB00B718BC /* Build configuration list for PBXProject "BikeCollectionMemo" */;
			developmentRegion = en;
			hasScannedForEncodings = 0;
			knownRegions = (
				en,
				Base,
			);
			mainGroup = 28AA08102E0BE4AB00B718BC;
			minimizedProjectReferenceProxies = 1;
			packageReferences = (
				28D1B9212E391F6600EBD87C /* XCRemoteSwiftPackageReference "swift-package-manager-google-mobile-ads" */,
			);
			preferredProjectObjectVersion = 77;
			productRefGroup = 28AA081A2E0BE4AB00B718BC /* Products */;
			projectDirPath = "";
			projectRoot = "";
			targets = (
				28AA08182E0BE4AB00B718BC /* BikeCollectionMemo */,
				28AA08252E0BE4AC00B718BC /* BikeCollectionMemoTests */,
				28AA082F2E0BE4AC00B718BC /* BikeCollectionMemoUITests */,
			);
		};
/* End PBXProject section */

/* Begin PBXResourcesBuildPhase section */
		28AA08172E0BE4AB00B718BC /* Resources */ = {
			isa = PBXResourcesBuildPhase;
			buildActionMask = 2147483647;
			files = (
			);
			runOnlyForDeploymentPostprocessing = 0;
		};
		28AA08242E0BE4AC00B718BC /* Resources */ = {
			isa = PBXResourcesBuildPhase;
			buildActionMask = 2147483647;
			files = (
			);
			runOnlyForDeploymentPostprocessing = 0;
		};
		28AA082E2E0BE4AC00B718BC /* Resources */ = {
			isa = PBXResourcesBuildPhase;
			buildActionMask = 2147483647;
			files = (
			);
			runOnlyForDeploymentPostprocessing = 0;
		};
/* End PBXResourcesBuildPhase section */

/* Begin PBXSourcesBuildPhase section */
		28AA08152E0BE4AB00B718BC /* Sources */ = {
			isa = PBXSourcesBuildPhase;
			buildActionMask = 2147483647;
			files = (
			);
			runOnlyForDeploymentPostprocessing = 0;
		};
		28AA08222E0BE4AC00B718BC /* Sources */ = {
			isa = PBXSourcesBuildPhase;
			buildActionMask = 2147483647;
			files = (
			);
			runOnlyForDeploymentPostprocessing = 0;
		};
		28AA082C2E0BE4AC00B718BC /* Sources */ = {
			isa = PBXSourcesBuildPhase;
			buildActionMask = 2147483647;
			files = (
			);
			runOnlyForDeploymentPostprocessing = 0;
		};
/* End PBXSourcesBuildPhase section */

/* Begin PBXTargetDependency section */
		28AA08282E0BE4AC00B718BC /* PBXTargetDependency */ = {
			isa = PBXTargetDependency;
			target = 28AA08182E0BE4AB00B718BC /* BikeCollectionMemo */;
			targetProxy = 28AA08272E0BE4AC00B718BC /* PBXContainerItemProxy */;
		};
		28AA08322E0BE4AC00B718BC /* PBXTargetDependency */ = {
			isa = PBXTargetDependency;
			target = 28AA08182E0BE4AB00B718BC /* BikeCollectionMemo */;
			targetProxy = 28AA08312E0BE4AC00B718BC /* PBXContainerItemProxy */;
		};
/* End PBXTargetDependency section */

/* Begin XCBuildConfiguration section */
		28AA08382E0BE4AC00B718BC /* Debug */ = {
			isa = XCBuildConfiguration;
			buildSettings = {
				ALWAYS_SEARCH_USER_PATHS = NO;
				ASSETCATALOG_COMPILER_GENERATE_SWIFT_ASSET_SYMBOL_EXTENSIONS = YES;
				CLANG_ANALYZER_NONNULL = YES;
				CLANG_ANALYZER_NUMBER_OBJECT_CONVERSION = YES_AGGRESSIVE;
				CLANG_CXX_LANGUAGE_STANDARD = "gnu++20";
				CLANG_ENABLE_MODULES = YES;
				CLANG_ENABLE_OBJC_ARC = YES;
				CLANG_ENABLE_OBJC_WEAK = YES;
				CLANG_WARN_BLOCK_CAPTURE_AUTORELEASING = YES;
				CLANG_WARN_BOOL_CONVERSION = YES;
				CLANG_WARN_COMMA = YES;
				CLANG_WARN_CONSTANT_CONVERSION = YES;
				CLANG_WARN_DEPRECATED_OBJC_IMPLEMENTATIONS = YES;
				CLANG_WARN_DIRECT_OBJC_ISA_USAGE = YES_ERROR;
				CLANG_WARN_DOCUMENTATION_COMMENTS = YES;
				CLANG_WARN_EMPTY_BODY = YES;
				CLANG_WARN_ENUM_CONVERSION = YES;
				CLANG_WARN_INFINITE_RECURSION = YES;
				CLANG_WARN_INT_CONVERSION = YES;
				CLANG_WARN_NON_LITERAL_NULL_CONVERSION = YES;
				CLANG_WARN_OBJC_IMPLICIT_RETAIN_SELF = YES;
				CLANG_WARN_OBJC_LITERAL_CONVERSION = YES;
				CLANG_WARN_OBJC_ROOT_CLASS = YES_ERROR;
				CLANG_WARN_QUOTED_INCLUDE_IN_FRAMEWORK_HEADER = YES;
				CLANG_WARN_RANGE_LOOP_ANALYSIS = YES;
				CLANG_WARN_STRICT_PROTOTYPES = YES;
				CLANG_WARN_SUSPICIOUS_MOVE = YES;
				CLANG_WARN_UNGUARDED_AVAILABILITY = YES_AGGRESSIVE;
				CLANG_WARN_UNREACHABLE_CODE = YES;
				CLANG_WARN__DUPLICATE_METHOD_MATCH = YES;
				COPY_PHASE_STRIP = NO;
				DEBUG_INFORMATION_FORMAT = dwarf;
				DEVELOPMENT_TEAM = V47R62H7V3;
				ENABLE_STRICT_OBJC_MSGSEND = YES;
				ENABLE_TESTABILITY = YES;
				ENABLE_USER_SCRIPT_SANDBOXING = YES;
				GCC_C_LANGUAGE_STANDARD = gnu17;
				GCC_DYNAMIC_NO_PIC = NO;
				GCC_NO_COMMON_BLOCKS = YES;
				GCC_OPTIMIZATION_LEVEL = 0;
				GCC_PREPROCESSOR_DEFINITIONS = (
					"DEBUG=1",
					"$(inherited)",
				);
				GCC_WARN_64_TO_32_BIT_CONVERSION = YES;
				GCC_WARN_ABOUT_RETURN_TYPE = YES_ERROR;
				GCC_WARN_UNDECLARED_SELECTOR = YES;
				GCC_WARN_UNINITIALIZED_AUTOS = YES_AGGRESSIVE;
				GCC_WARN_UNUSED_FUNCTION = YES;
				GCC_WARN_UNUSED_VARIABLE = YES;
				IPHONEOS_DEPLOYMENT_TARGET = 18.4;
				LOCALIZATION_PREFERS_STRING_CATALOGS = YES;
				MTL_ENABLE_DEBUG_INFO = INCLUDE_SOURCE;
				MTL_FAST_MATH = YES;
				ONLY_ACTIVE_ARCH = YES;
				SDKROOT = iphoneos;
				SWIFT_ACTIVE_COMPILATION_CONDITIONS = "DEBUG $(inherited)";
				SWIFT_OPTIMIZATION_LEVEL = "-Onone";
			};
			name = Debug;
		};
		28AA08392E0BE4AC00B718BC /* Release */ = {
			isa = XCBuildConfiguration;
			buildSettings = {
				ALWAYS_SEARCH_USER_PATHS = NO;
				ASSETCATALOG_COMPILER_GENERATE_SWIFT_ASSET_SYMBOL_EXTENSIONS = YES;
				CLANG_ANALYZER_NONNULL = YES;
				CLANG_ANALYZER_NUMBER_OBJECT_CONVERSION = YES_AGGRESSIVE;
				CLANG_CXX_LANGUAGE_STANDARD = "gnu++20";
				CLANG_ENABLE_MODULES = YES;
				CLANG_ENABLE_OBJC_ARC = YES;
				CLANG_ENABLE_OBJC_WEAK = YES;
				CLANG_WARN_BLOCK_CAPTURE_AUTORELEASING = YES;
				CLANG_WARN_BOOL_CONVERSION = YES;
				CLANG_WARN_COMMA = YES;
				CLANG_WARN_CONSTANT_CONVERSION = YES;
				CLANG_WARN_DEPRECATED_OBJC_IMPLEMENTATIONS = YES;
				CLANG_WARN_DIRECT_OBJC_ISA_USAGE = YES_ERROR;
				CLANG_WARN_DOCUMENTATION_COMMENTS = YES;
				CLANG_WARN_EMPTY_BODY = YES;
				CLANG_WARN_ENUM_CONVERSION = YES;
				CLANG_WARN_INFINITE_RECURSION = YES;
				CLANG_WARN_INT_CONVERSION = YES;
				CLANG_WARN_NON_LITERAL_NULL_CONVERSION = YES;
				CLANG_WARN_OBJC_IMPLICIT_RETAIN_SELF = YES;
				CLANG_WARN_OBJC_LITERAL_CONVERSION = YES;
				CLANG_WARN_OBJC_ROOT_CLASS = YES_ERROR;
				CLANG_WARN_QUOTED_INCLUDE_IN_FRAMEWORK_HEADER = YES;
				CLANG_WARN_RANGE_LOOP_ANALYSIS = YES;
				CLANG_WARN_STRICT_PROTOTYPES = YES;
				CLANG_WARN_SUSPICIOUS_MOVE = YES;
				CLANG_WARN_UNGUARDED_AVAILABILITY = YES_AGGRESSIVE;
				CLANG_WARN_UNREACHABLE_CODE = YES;
				CLANG_WARN__DUPLICATE_METHOD_MATCH = YES;
				COPY_PHASE_STRIP = NO;
				DEBUG_INFORMATION_FORMAT = "dwarf-with-dsym";
				DEVELOPMENT_TEAM = V47R62H7V3;
				ENABLE_NS_ASSERTIONS = NO;
				ENABLE_STRICT_OBJC_MSGSEND = YES;
				ENABLE_USER_SCRIPT_SANDBOXING = YES;
				GCC_C_LANGUAGE_STANDARD = gnu17;
				GCC_NO_COMMON_BLOCKS = YES;
				GCC_WARN_64_TO_32_BIT_CONVERSION = YES;
				GCC_WARN_ABOUT_RETURN_TYPE = YES_ERROR;
				GCC_WARN_UNDECLARED_SELECTOR = YES;
				GCC_WARN_UNINITIALIZED_AUTOS = YES_AGGRESSIVE;
				GCC_WARN_UNUSED_FUNCTION = YES;
				GCC_WARN_UNUSED_VARIABLE = YES;
				IPHONEOS_DEPLOYMENT_TARGET = 18.4;
				LOCALIZATION_PREFERS_STRING_CATALOGS = YES;
				MTL_ENABLE_DEBUG_INFO = NO;
				MTL_FAST_MATH = YES;
				SDKROOT = iphoneos;
				SWIFT_COMPILATION_MODE = wholemodule;
				VALIDATE_PRODUCT = YES;
			};
			name = Release;
		};
		28AA083B2E0BE4AC00B718BC /* Debug */ = {
			isa = XCBuildConfiguration;
			buildSettings = {
				ASSETCATALOG_COMPILER_APPICON_NAME = AppIcon;
				ASSETCATALOG_COMPILER_GLOBAL_ACCENT_COLOR_NAME = AccentColor;
				CODE_SIGN_STYLE = Automatic;
				CURRENT_PROJECT_VERSION = 2;
				DEVELOPMENT_TEAM = V47R62H7V3;
				ENABLE_PREVIEWS = YES;
				GENERATE_INFOPLIST_FILE = YES;
				INFOPLIST_FILE = BikeCollectionMemo/Info.plist;
				INFOPLIST_KEY_UIApplicationSceneManifest_Generation = YES;
				INFOPLIST_KEY_UIApplicationSupportsIndirectInputEvents = YES;
				INFOPLIST_KEY_UILaunchScreen_Generation = YES;
				INFOPLIST_KEY_UISupportedInterfaceOrientations_iPad = "UIInterfaceOrientationPortrait UIInterfaceOrientationPortraitUpsideDown UIInterfaceOrientationLandscapeLeft UIInterfaceOrientationLandscapeRight";
				INFOPLIST_KEY_UISupportedInterfaceOrientations_iPhone = "UIInterfaceOrientationPortrait UIInterfaceOrientationLandscapeLeft UIInterfaceOrientationLandscapeRight";
				LD_RUNPATH_SEARCH_PATHS = (
					"$(inherited)",
					"@executable_path/Frameworks",
				);
				MARKETING_VERSION = 1.1;
				PRODUCT_BUNDLE_IDENTIFIER = Ks.BikeCollectionMemo;
				PRODUCT_NAME = "モトメモ";
				SWIFT_EMIT_LOC_STRINGS = YES;
				SWIFT_VERSION = 5.0;
				TARGETED_DEVICE_FAMILY = "1,2";
			};
			name = Debug;
		};
		28AA083C2E0BE4AC00B718BC /* Release */ = {
			isa = XCBuildConfiguration;
			buildSettings = {
				ASSETCATALOG_COMPILER_APPICON_NAME = AppIcon;
				ASSETCATALOG_COMPILER_GLOBAL_ACCENT_COLOR_NAME = AccentColor;
				CODE_SIGN_STYLE = Automatic;
				CURRENT_PROJECT_VERSION = 2;
				DEVELOPMENT_TEAM = V47R62H7V3;
				ENABLE_PREVIEWS = YES;
				GENERATE_INFOPLIST_FILE = YES;
				INFOPLIST_FILE = BikeCollectionMemo/Info.plist;
				INFOPLIST_KEY_UIApplicationSceneManifest_Generation = YES;
				INFOPLIST_KEY_UIApplicationSupportsIndirectInputEvents = YES;
				INFOPLIST_KEY_UILaunchScreen_Generation = YES;
				INFOPLIST_KEY_UISupportedInterfaceOrientations_iPad = "UIInterfaceOrientationPortrait UIInterfaceOrientationPortraitUpsideDown UIInterfaceOrientationLandscapeLeft UIInterfaceOrientationLandscapeRight";
				INFOPLIST_KEY_UISupportedInterfaceOrientations_iPhone = "UIInterfaceOrientationPortrait UIInterfaceOrientationLandscapeLeft UIInterfaceOrientationLandscapeRight";
				LD_RUNPATH_SEARCH_PATHS = (
					"$(inherited)",
					"@executable_path/Frameworks",
				);
				MARKETING_VERSION = 1.1;
				PRODUCT_BUNDLE_IDENTIFIER = Ks.BikeCollectionMemo;
				PRODUCT_NAME = "モトメモ";
				SWIFT_EMIT_LOC_STRINGS = YES;
				SWIFT_VERSION = 5.0;
				TARGETED_DEVICE_FAMILY = "1,2";
			};
			name = Release;
		};
		28AA083E2E0BE4AC00B718BC /* Debug */ = {
			isa = XCBuildConfiguration;
			buildSettings = {
				BUNDLE_LOADER = "$(TEST_HOST)";
				CODE_SIGN_STYLE = Automatic;
				CURRENT_PROJECT_VERSION = 2;
				DEVELOPMENT_TEAM = V47R62H7V3;
				GENERATE_INFOPLIST_FILE = YES;
				IPHONEOS_DEPLOYMENT_TARGET = 18.4;
				MARKETING_VERSION = 1.1;
				PRODUCT_BUNDLE_IDENTIFIER = Ks.BikeCollectionMemoTests;
				PRODUCT_NAME = "モトメモ";
				SWIFT_EMIT_LOC_STRINGS = NO;
				SWIFT_VERSION = 5.0;
				TARGETED_DEVICE_FAMILY = "1,2";
				TEST_HOST = "$(BUILT_PRODUCTS_DIR)/BikeCollectionMemo.app/$(BUNDLE_EXECUTABLE_FOLDER_PATH)/BikeCollectionMemo";
			};
			name = Debug;
		};
		28AA083F2E0BE4AC00B718BC /* Release */ = {
			isa = XCBuildConfiguration;
			buildSettings = {
				BUNDLE_LOADER = "$(TEST_HOST)";
				CODE_SIGN_STYLE = Automatic;
				CURRENT_PROJECT_VERSION = 2;
				DEVELOPMENT_TEAM = V47R62H7V3;
				GENERATE_INFOPLIST_FILE = YES;
				IPHONEOS_DEPLOYMENT_TARGET = 18.4;
				MARKETING_VERSION = 1.1;
				PRODUCT_BUNDLE_IDENTIFIER = Ks.BikeCollectionMemoTests;
				PRODUCT_NAME = "モトメモ";
				SWIFT_EMIT_LOC_STRINGS = NO;
				SWIFT_VERSION = 5.0;
				TARGETED_DEVICE_FAMILY = "1,2";
				TEST_HOST = "$(BUILT_PRODUCTS_DIR)/BikeCollectionMemo.app/$(BUNDLE_EXECUTABLE_FOLDER_PATH)/BikeCollectionMemo";
			};
			name = Release;
		};
		28AA08412E0BE4AC00B718BC /* Debug */ = {
			isa = XCBuildConfiguration;
			buildSettings = {
				CODE_SIGN_STYLE = Automatic;
				CURRENT_PROJECT_VERSION = 2;
				DEVELOPMENT_TEAM = V47R62H7V3;
				GENERATE_INFOPLIST_FILE = YES;
				MARKETING_VERSION = 1.1;
				PRODUCT_BUNDLE_IDENTIFIER = Ks.BikeCollectionMemoUITests;
				PRODUCT_NAME = "モトメモ";
				SWIFT_EMIT_LOC_STRINGS = NO;
				SWIFT_VERSION = 5.0;
				TARGETED_DEVICE_FAMILY = "1,2";
				TEST_TARGET_NAME = BikeCollectionMemo;
			};
			name = Debug;
		};
		28AA08422E0BE4AC00B718BC /* Release */ = {
			isa = XCBuildConfiguration;
			buildSettings = {
				CODE_SIGN_STYLE = Automatic;
				CURRENT_PROJECT_VERSION = 2;
				DEVELOPMENT_TEAM = V47R62H7V3;
				GENERATE_INFOPLIST_FILE = YES;
				MARKETING_VERSION = 1.1;
				PRODUCT_BUNDLE_IDENTIFIER = Ks.BikeCollectionMemoUITests;
				PRODUCT_NAME = "モトメモ";
				SWIFT_EMIT_LOC_STRINGS = NO;
				SWIFT_VERSION = 5.0;
				TARGETED_DEVICE_FAMILY = "1,2";
				TEST_TARGET_NAME = BikeCollectionMemo;
			};
			name = Release;
		};
/* End XCBuildConfiguration section */

/* Begin XCConfigurationList section */
		28AA08142E0BE4AB00B718BC /* Build configuration list for PBXProject "BikeCollectionMemo" */ = {
			isa = XCConfigurationList;
			buildConfigurations = (
				28AA08382E0BE4AC00B718BC /* Debug */,
				28AA08392E0BE4AC00B718BC /* Release */,
			);
			defaultConfigurationIsVisible = 0;
			defaultConfigurationName = Release;
		};
		28AA083A2E0BE4AC00B718BC /* Build configuration list for PBXNativeTarget "BikeCollectionMemo" */ = {
			isa = XCConfigurationList;
			buildConfigurations = (
				28AA083B2E0BE4AC00B718BC /* Debug */,
				28AA083C2E0BE4AC00B718BC /* Release */,
			);
			defaultConfigurationIsVisible = 0;
			defaultConfigurationName = Release;
		};
		28AA083D2E0BE4AC00B718BC /* Build configuration list for PBXNativeTarget "BikeCollectionMemoTests" */ = {
			isa = XCConfigurationList;
			buildConfigurations = (
				28AA083E2E0BE4AC00B718BC /* Debug */,
				28AA083F2E0BE4AC00B718BC /* Release */,
			);
			defaultConfigurationIsVisible = 0;
			defaultConfigurationName = Release;
		};
		28AA08402E0BE4AC00B718BC /* Build configuration list for PBXNativeTarget "BikeCollectionMemoUITests" */ = {
			isa = XCConfigurationList;
			buildConfigurations = (
				28AA08412E0BE4AC00B718BC /* Debug */,
				28AA08422E0BE4AC00B718BC /* Release */,
			);
			defaultConfigurationIsVisible = 0;
			defaultConfigurationName = Release;
		};
/* End XCConfigurationList section */

/* Begin XCRemoteSwiftPackageReference section */
		28D1B9212E391F6600EBD87C /* XCRemoteSwiftPackageReference "swift-package-manager-google-mobile-ads" */ = {
			isa = XCRemoteSwiftPackageReference;
			repositoryURL = "https://github.com/googleads/swift-package-manager-google-mobile-ads.git";
			requirement = {
				kind = upToNextMajorVersion;
				minimumVersion = 12.8.0;
			};
		};
/* End XCRemoteSwiftPackageReference section */

/* Begin XCSwiftPackageProductDependency section */
		28D1B9232E39220300EBD87C /* GoogleMobileAds */ = {
			isa = XCSwiftPackageProductDependency;
			package = 28D1B9212E391F6600EBD87C /* XCRemoteSwiftPackageReference "swift-package-manager-google-mobile-ads" */;
			productName = GoogleMobileAds;
		};
/* End XCSwiftPackageProductDependency section */
	};
	rootObject = 28AA08112E0BE4AB00B718BC /* Project object */;
}
