// !$*UTF8*$!
{
	archiveVersion = 1;
	classes = {
	};
	objectVersion = 77;
	objects = {

/* Begin PBXBuildFile section */
		0FBB05965D2D399FE716DDA3 /* Pods_BikeCollectionMemoTests.framework in Frameworks */ = {isa = PBXBuildFile; fileRef = FAB0DC79BAE0867B861580DE /* Pods_BikeCollectionMemoTests.framework */; };
		96CAD4C2BBFCDF78E33D84AF /* Pods_BikeCollectionMemo.framework in Frameworks */ = {isa = PBXBuildFile; fileRef = F02868D19FC0876B940D150A /* Pods_BikeCollectionMemo.framework */; };
		D4758112BFAB8BA885FCD01C /* Pods_BikeCollectionMemo_BikeCollectionMemoUITests.framework in Frameworks */ = {isa = PBXBuildFile; fileRef = 4E00B73E9E1ACB50EE1F36F9 /* Pods_BikeCollectionMemo_BikeCollectionMemoUITests.framework */; };
/* End PBXBuildFile section */

/* Begin PBXContainerItemProxy section */
		28AA08272E0BE4AC00B718BC /* PBXContainerItemProxy */ = {
			isa = PBXContainerItemProxy;
			containerPortal = 28AA08112E0BE4AB00B718BC /* Project object */;
			proxyType = 1;
			remoteGlobalIDString = 28AA08182E0BE4AB00B718BC;
			remoteInfo = BikeCollectionMemo;
		};
		28AA08312E0BE4AC00B718BC /* PBXContainerItemProxy */ = {
			isa = PBXContainerItemProxy;
			containerPortal = 28AA08112E0BE4AB00B718BC /* Project object */;
			proxyType = 1;
			remoteGlobalIDString = 28AA08182E0BE4AB00B718BC;
			remoteInfo = BikeCollectionMemo;
		};
/* End PBXContainerItemProxy section */

/* Begin PBXFileReference section */
		28AA08192E0BE4AB00B718BC /* モトメモ.app */ = {isa = PBXFileReference; explicitFileType = wrapper.application; includeInIndex = 0; path = "モトメモ.app"; sourceTree = BUILT_PRODUCTS_DIR; };
		28AA08262E0BE4AC00B718BC /* モトメモ.xctest */ = {isa = PBXFileReference; explicitFileType = wrapper.cfbundle; includeInIndex = 0; path = "モトメモ.xctest"; sourceTree = BUILT_PRODUCTS_DIR; };
		28AA08302E0BE4AC00B718BC /* モトメモ.xctest */ = {isa = PBXFileReference; explicitFileType = wrapper.cfbundle; includeInIndex = 0; path = "モトメモ.xctest"; sourceTree = BUILT_PRODUCTS_DIR; };
		4E00B73E9E1ACB50EE1F36F9 /* Pods_BikeCollectionMemo_BikeCollectionMemoUITests.framework */ = {isa = PBXFileReference; explicitFileType = wrapper.framework; includeInIndex = 0; path = Pods_BikeCollectionMemo_BikeCollectionMemoUITests.framework; sourceTree = BUILT_PRODUCTS_DIR; };
		680424565BAC3C06466D078E /* Pods-BikeCollectionMemo.debug.xcconfig */ = {isa = PBXFileReference; includeInIndex = 1; lastKnownFileType = text.xcconfig; name = "Pods-BikeCollectionMemo.debug.xcconfig"; path = "Target Support Files/Pods-BikeCollectionMemo/Pods-BikeCollectionMemo.debug.xcconfig"; sourceTree = "<group>"; };
		8D0E54C5761E377D45DBEEDE /* Pods-BikeCollectionMemoTests.debug.xcconfig */ = {isa = PBXFileReference; includeInIndex = 1; lastKnownFileType = text.xcconfig; name = "Pods-BikeCollectionMemoTests.debug.xcconfig"; path = "Target Support Files/Pods-BikeCollectionMemoTests/Pods-BikeCollectionMemoTests.debug.xcconfig"; sourceTree = "<group>"; };
		8ED9FC835F2BCA93E176EB37 /* Pods-BikeCollectionMemo-BikeCollectionMemoUITests.debug.xcconfig */ = {isa = PBXFileReference; includeInIndex = 1; lastKnownFileType = text.xcconfig; name = "Pods-BikeCollectionMemo-BikeCollectionMemoUITests.debug.xcconfig"; path = "Target Support Files/Pods-BikeCollectionMemo-BikeCollectionMemoUITests/Pods-BikeCollectionMemo-BikeCollectionMemoUITests.debug.xcconfig"; sourceTree = "<group>"; };
		9C9C1BFC484FA4CD9CB84B8C /* Pods-BikeCollectionMemo.release.xcconfig */ = {isa = PBXFileReference; includeInIndex = 1; lastKnownFileType = text.xcconfig; name = "Pods-BikeCollectionMemo.release.xcconfig"; path = "Target Support Files/Pods-BikeCollectionMemo/Pods-BikeCollectionMemo.release.xcconfig"; sourceTree = "<group>"; };
		D9511570F68F10D41F3A08AC /* Pods-BikeCollectionMemo-BikeCollectionMemoUITests.release.xcconfig */ = {isa = PBXFileReference; includeInIndex = 1; lastKnownFileType = text.xcconfig; name = "Pods-BikeCollectionMemo-BikeCollectionMemoUITests.release.xcconfig"; path = "Target Support Files/Pods-BikeCollectionMemo-BikeCollectionMemoUITests/Pods-BikeCollectionMemo-BikeCollectionMemoUITests.release.xcconfig"; sourceTree = "<group>"; };
		E9518BED0AE88D9C91FC529B /* Pods-BikeCollectionMemoTests.release.xcconfig */ = {isa = PBXFileReference; includeInIndex = 1; lastKnownFileType = text.xcconfig; name = "Pods-BikeCollectionMemoTests.release.xcconfig"; path = "Target Support Files/Pods-BikeCollectionMemoTests/Pods-BikeCollectionMemoTests.release.xcconfig"; sourceTree = "<group>"; };
		F02868D19FC0876B940D150A /* Pods_BikeCollectionMemo.framework */ = {isa = PBXFileReference; explicitFileType = wrapper.framework; includeInIndex = 0; path = Pods_BikeCollectionMemo.framework; sourceTree = BUILT_PRODUCTS_DIR; };
		FAB0DC79BAE0867B861580DE /* Pods_BikeCollectionMemoTests.framework */ = {isa = PBXFileReference; explicitFileType = wrapper.framework; includeInIndex = 0; path = Pods_BikeCollectionMemoTests.framework; sourceTree = BUILT_PRODUCTS_DIR; };
/* End PBXFileReference section */

/* Begin PBXFileSystemSynchronizedBuildFileExceptionSet section */
		28D1B98A2E39274A00EBD87C /* Exceptions for "BikeCollectionMemo" folder in "BikeCollectionMemo" target */ = {
			isa = PBXFileSystemSynchronizedBuildFileExceptionSet;
			membershipExceptions = (
				Info.plist,
			);
			target = 28AA08182E0BE4AB00B718BC /* BikeCollectionMemo */;
		};
/* End PBXFileSystemSynchronizedBuildFileExceptionSet section */

/* Begin PBXFileSystemSynchronizedRootGroup section */
		28AA081B2E0BE4AB00B718BC /* BikeCollectionMemo */ = {
			isa = PBXFileSystemSynchronizedRootGroup;
			exceptions = (
				28D1B98A2E39274A00EBD87C /* Exceptions for "BikeCollectionMemo" folder in "BikeCollectionMemo" target */,
			);
			path = BikeCollectionMemo;
			sourceTree = "<group>";
		};
		28AA08292E0BE4AC00B718BC /* BikeCollectionMemoTests */ = {
			isa = PBXFileSystemSynchronizedRootGroup;
			exceptions = (
			);
			path = BikeCollectionMemoTests;
			sourceTree = "<group>";
		};
		28AA08332E0BE4AC00B718BC /* BikeCollectionMemoUITests */ = {
			isa = PBXFileSystemSynchronizedRootGroup;
			exceptions = (
			);
			path = BikeCollectionMemoUITests;
			sourceTree = "<group>";
		};
/* End PBXFileSystemSynchronizedRootGroup section */

/* Begin PBXFrameworksBuildPhase section */
		28AA08162E0BE4AB00B718BC /* Frameworks */ = {
			isa = PBXFrameworksBuildPhase;
			buildActionMask = 2147483647;
			files = (
				96CAD4C2BBFCDF78E33D84AF /* Pods_BikeCollectionMemo.framework in Frameworks */,
			);
			runOnlyForDeploymentPostprocessing = 0;
		};
		28AA08232E0BE4AC00B718BC /* Frameworks */ = {
			isa = PBXFrameworksBuildPhase;
			buildActionMask = 2147483647;
			files = (
				0FBB05965D2D399FE716DDA3 /* Pods_BikeCollectionMemoTests.framework in Frameworks */,
			);
			runOnlyForDeploymentPostprocessing = 0;
		};
		28AA082D2E0BE4AC00B718BC /* Frameworks */ = {
			isa = PBXFrameworksBuildPhase;
			buildActionMask = 2147483647;
			files = (
				D4758112BFAB8BA885FCD01C /* Pods_BikeCollectionMemo_BikeCollectionMemoUITests.framework in Frameworks */,
			);
			runOnlyForDeploymentPostprocessing = 0;
		};
/* End PBXFrameworksBuildPhase section */

/* Begin PBXGroup section */
		28AA08102E0BE4AB00B718BC = {
			isa = PBXGroup;
			children = (
				28AA081B2E0BE4AB00B718BC /* BikeCollectionMemo */,
				28AA08292E0BE4AC00B718BC /* BikeCollectionMemoTests */,
				28AA08332E0BE4AC00B718BC /* BikeCollectionMemoUITests */,
				28D1B9222E39220300EBD87C /* Frameworks */,
				28AA081A2E0BE4AB00B718BC /* Products */,
				F11CD998EB856CD2A53F6BAA /* Pods */,
			);
			sourceTree = "<group>";
		};
		28AA081A2E0BE4AB00B718BC /* Products */ = {
			isa = PBXGroup;
			children = (
				28AA08192E0BE4AB00B718BC /* モトメモ.app */,
				28AA08262E0BE4AC00B718BC /* モトメモ.xctest */,
				28AA08302E0BE4AC00B718BC /* モトメモ.xctest */,
			);
			name = Products;
			sourceTree = "<group>";
		};
		28D1B9222E39220300EBD87C /* Frameworks */ = {
			isa = PBXGroup;
			children = (
				F02868D19FC0876B940D150A /* Pods_BikeCollectionMemo.framework */,
				4E00B73E9E1ACB50EE1F36F9 /* Pods_BikeCollectionMemo_BikeCollectionMemoUITests.framework */,
				FAB0DC79BAE0867B861580DE /* Pods_BikeCollectionMemoTests.framework */,
			);
			name = Frameworks;
			sourceTree = "<group>";
		};
		F11CD998EB856CD2A53F6BAA /* Pods */ = {
			isa = PBXGroup;
			children = (
				680424565BAC3C06466D078E /* Pods-BikeCollectionMemo.debug.xcconfig */,
				9C9C1BFC484FA4CD9CB84B8C /* Pods-BikeCollectionMemo.release.xcconfig */,
				8ED9FC835F2BCA93E176EB37 /* Pods-BikeCollectionMemo-BikeCollectionMemoUITests.debug.xcconfig */,
				D9511570F68F10D41F3A08AC /* Pods-BikeCollectionMemo-BikeCollectionMemoUITests.release.xcconfig */,
				8D0E54C5761E377D45DBEEDE /* Pods-BikeCollectionMemoTests.debug.xcconfig */,
				E9518BED0AE88D9C91FC529B /* Pods-BikeCollectionMemoTests.release.xcconfig */,
			);
			path = Pods;
			sourceTree = "<group>";
		};
/* End PBXGroup section */

/* Begin PBXNativeTarget section */
		28AA08182E0BE4AB00B718BC /* BikeCollectionMemo */ = {
			isa = PBXNativeTarget;
			buildConfigurationList = 28AA083A2E0BE4AC00B718BC /* Build configuration list for PBXNativeTarget "BikeCollectionMemo" */;
			buildPhases = (
				C0C13FCDC3BED7B212B1F5BE /* [CP] Check Pods Manifest.lock */,
				28AA08152E0BE4AB00B718BC /* Sources */,
				28AA08162E0BE4AB00B718BC /* Frameworks */,
				28AA08172E0BE4AB00B718BC /* Resources */,
				E433EB2035874A7B5A033673 /* [CP] Copy Pods Resources */,
			);
			buildRules = (
			);
			dependencies = (
			);
			fileSystemSynchronizedGroups = (
				28AA081B2E0BE4AB00B718BC /* BikeCollectionMemo */,
			);
			name = BikeCollectionMemo;
			productName = BikeCollectionMemo;
			productReference = 28AA08192E0BE4AB00B718BC /* モトメモ.app */;
			productType = "com.apple.product-type.application";
		};
		28AA08252E0BE4AC00B718BC /* BikeCollectionMemoTests */ = {
			isa = PBXNativeTarget;
			buildConfigurationList = 28AA083D2E0BE4AC00B718BC /* Build configuration list for PBXNativeTarget "BikeCollectionMemoTests" */;
			buildPhases = (
				6C98FB02E424DDF459803017 /* [CP] Check Pods Manifest.lock */,
				28AA08222E0BE4AC00B718BC /* Sources */,
				28AA08232E0BE4AC00B718BC /* Frameworks */,
				28AA08242E0BE4AC00B718BC /* Resources */,
			);
			buildRules = (
			);
			dependencies = (
				28AA08282E0BE4AC00B718BC /* PBXTargetDependency */,
			);
			fileSystemSynchronizedGroups = (
				28AA08292E0BE4AC00B718BC /* BikeCollectionMemoTests */,
			);
			name = BikeCollectionMemoTests;
			productName = BikeCollectionMemoTests;
			productReference = 28AA08262E0BE4AC00B718BC /* モトメモ.xctest */;
			productType = "com.apple.product-type.bundle.unit-test";
		};
		28AA082F2E0BE4AC00B718BC /* BikeCollectionMemoUITests */ = {
			isa = PBXNativeTarget;
			buildConfigurationList = 28AA08402E0BE4AC00B718BC /* Build configuration list for PBXNativeTarget "BikeCollectionMemoUITests" */;
			buildPhases = (
				9033E467572D49D35A231AD0 /* [CP] Check Pods Manifest.lock */,
				28AA082C2E0BE4AC00B718BC /* Sources */,
				28AA082D2E0BE4AC00B718BC /* Frameworks */,
				28AA082E2E0BE4AC00B718BC /* Resources */,
				A22B4D5D99AA2A829457E7B6 /* [CP] Copy Pods Resources */,
			);
			buildRules = (
			);
			dependencies = (
				28AA08322E0BE4AC00B718BC /* PBXTargetDependency */,
			);
			fileSystemSynchronizedGroups = (
				28AA08332E0BE4AC00B718BC /* BikeCollectionMemoUITests */,
			);
			name = BikeCollectionMemoUITests;
			productName = BikeCollectionMemoUITests;
			productReference = 28AA08302E0BE4AC00B718BC /* モトメモ.xctest */;
			productType = "com.apple.product-type.bundle.ui-testing";
		};
/* End PBXNativeTarget section */

/* Begin PBXProject section */
		28AA08112E0BE4AB00B718BC /* Project object */ = {
			isa = PBXProject;
			attributes = {
				BuildIndependentTargetsInParallel = 1;
				LastSwiftUpdateCheck = 1630;
				LastUpgradeCheck = 1630;
				TargetAttributes = {
					28AA08182E0BE4AB00B718BC = {
						CreatedOnToolsVersion = 16.3;
					};
					28AA08252E0BE4AC00B718BC = {
						CreatedOnToolsVersion = 16.3;
						TestTargetID = 28AA08182E0BE4AB00B718BC;
					};
					28AA082F2E0BE4AC00B718BC = {
						CreatedOnToolsVersion = 16.3;
						TestTargetID = 28AA08182E0BE4AB00B718BC;
					};
				};
			};
			buildConfigurationList = 28AA08142E0BE4AB00B718BC /* Build configuration list for PBXProject "BikeCollectionMemo" */;
			developmentRegion = en;
			hasScannedForEncodings = 0;
			knownRegions = (
				en,
				Base,
			);
			mainGroup = 28AA08102E0BE4AB00B718BC;
			minimizedProjectReferenceProxies = 1;
			preferredProjectObjectVersion = 77;
			productRefGroup = 28AA081A2E0BE4AB00B718BC /* Products */;
			projectDirPath = "";
			projectRoot = "";
			targets = (
				28AA08182E0BE4AB00B718BC /* BikeCollectionMemo */,
				28AA08252E0BE4AC00B718BC /* BikeCollectionMemoTests */,
				28AA082F2E0BE4AC00B718BC /* BikeCollectionMemoUITests */,
			);
		};
/* End PBXProject section */

/* Begin PBXResourcesBuildPhase section */
		28AA08172E0BE4AB00B718BC /* Resources */ = {
			isa = PBXResourcesBuildPhase;
			buildActionMask = 2147483647;
			files = (
			);
			runOnlyForDeploymentPostprocessing = 0;
		};
		28AA08242E0BE4AC00B718BC /* Resources */ = {
			isa = PBXResourcesBuildPhase;
			buildActionMask = 2147483647;
			files = (
			);
			runOnlyForDeploymentPostprocessing = 0;
		};
		28AA082E2E0BE4AC00B718BC /* Resources */ = {
			isa = PBXResourcesBuildPhase;
			buildActionMask = 2147483647;
			files = (
			);
			runOnlyForDeploymentPostprocessing = 0;
		};
/* End PBXResourcesBuildPhase section */

/* Begin PBXShellScriptBuildPhase section */
		6C98FB02E424DDF459803017 /* [CP] Check Pods Manifest.lock */ = {
			isa = PBXShellScriptBuildPhase;
			buildActionMask = 2147483647;
			files = (
			);
			inputFileListPaths = (
			);
			inputPaths = (
				"${PODS_PODFILE_DIR_PATH}/Podfile.lock",
				"${PODS_ROOT}/Manifest.lock",
			);
			name = "[CP] Check Pods Manifest.lock";
			outputFileListPaths = (
			);
			outputPaths = (
				"$(DERIVED_FILE_DIR)/Pods-BikeCollectionMemoTests-checkManifestLockResult.txt",
			);
			runOnlyForDeploymentPostprocessing = 0;
			shellPath = /bin/sh;
			shellScript = "diff \"${PODS_PODFILE_DIR_PATH}/Podfile.lock\" \"${PODS_ROOT}/Manifest.lock\" > /dev/null\nif [ $? != 0 ] ; then\n    # print error to STDERR\n    echo \"error: The sandbox is not in sync with the Podfile.lock. Run 'pod install' or update your CocoaPods installation.\" >&2\n    exit 1\nfi\n# This output is used by Xcode 'outputs' to avoid re-running this script phase.\necho \"SUCCESS\" > \"${SCRIPT_OUTPUT_FILE_0}\"\n";
			showEnvVarsInLog = 0;
		};
		9033E467572D49D35A231AD0 /* [CP] Check Pods Manifest.lock */ = {
			isa = PBXShellScriptBuildPhase;
			buildActionMask = 2147483647;
			files = (
			);
			inputFileListPaths = (
			);
			inputPaths = (
				"${PODS_PODFILE_DIR_PATH}/Podfile.lock",
				"${PODS_ROOT}/Manifest.lock",
			);
			name = "[CP] Check Pods Manifest.lock";
			outputFileListPaths = (
			);
			outputPaths = (
				"$(DERIVED_FILE_DIR)/Pods-BikeCollectionMemo-BikeCollectionMemoUITests-checkManifestLockResult.txt",
			);
			runOnlyForDeploymentPostprocessing = 0;
			shellPath = /bin/sh;
			shellScript = "diff \"${PODS_PODFILE_DIR_PATH}/Podfile.lock\" \"${PODS_ROOT}/Manifest.lock\" > /dev/null\nif [ $? != 0 ] ; then\n    # print error to STDERR\n    echo \"error: The sandbox is not in sync with the Podfile.lock. Run 'pod install' or update your CocoaPods installation.\" >&2\n    exit 1\nfi\n# This output is used by Xcode 'outputs' to avoid re-running this script phase.\necho \"SUCCESS\" > \"${SCRIPT_OUTPUT_FILE_0}\"\n";
			showEnvVarsInLog = 0;
		};
		A22B4D5D99AA2A829457E7B6 /* [CP] Copy Pods Resources */ = {
			isa = PBXShellScriptBuildPhase;
			buildActionMask = 2147483647;
			files = (
			);
			inputFileListPaths = (
				"${PODS_ROOT}/Target Support Files/Pods-BikeCollectionMemo-BikeCollectionMemoUITests/Pods-BikeCollectionMemo-BikeCollectionMemoUITests-resources-${CONFIGURATION}-input-files.xcfilelist",
			);
			name = "[CP] Copy Pods Resources";
			outputFileListPaths = (
				"${PODS_ROOT}/Target Support Files/Pods-BikeCollectionMemo-BikeCollectionMemoUITests/Pods-BikeCollectionMemo-BikeCollectionMemoUITests-resources-${CONFIGURATION}-output-files.xcfilelist",
			);
			runOnlyForDeploymentPostprocessing = 0;
			shellPath = /bin/sh;
			shellScript = "\"${PODS_ROOT}/Target Support Files/Pods-BikeCollectionMemo-BikeCollectionMemoUITests/Pods-BikeCollectionMemo-BikeCollectionMemoUITests-resources.sh\"\n";
			showEnvVarsInLog = 0;
		};
		C0C13FCDC3BED7B212B1F5BE /* [CP] Check Pods Manifest.lock */ = {
			isa = PBXShellScriptBuildPhase;
			buildActionMask = 2147483647;
			files = (
			);
			inputFileListPaths = (
			);
			inputPaths = (
				"${PODS_PODFILE_DIR_PATH}/Podfile.lock",
				"${PODS_ROOT}/Manifest.lock",
			);
			name = "[CP] Check Pods Manifest.lock";
			outputFileListPaths = (
			);
			outputPaths = (
				"$(DERIVED_FILE_DIR)/Pods-BikeCollectionMemo-checkManifestLockResult.txt",
			);
			runOnlyForDeploymentPostprocessing = 0;
			shellPath = /bin/sh;
			shellScript = "diff \"${PODS_PODFILE_DIR_PATH}/Podfile.lock\" \"${PODS_ROOT}/Manifest.lock\" > /dev/null\nif [ $? != 0 ] ; then\n    # print error to STDERR\n    echo \"error: The sandbox is not in sync with the Podfile.lock. Run 'pod install' or update your CocoaPods installation.\" >&2\n    exit 1\nfi\n# This output is used by Xcode 'outputs' to avoid re-running this script phase.\necho \"SUCCESS\" > \"${SCRIPT_OUTPUT_FILE_0}\"\n";
			showEnvVarsInLog = 0;
		};
		E433EB2035874A7B5A033673 /* [CP] Copy Pods Resources */ = {
			isa = PBXShellScriptBuildPhase;
			buildActionMask = 2147483647;
			files = (
			);
			inputFileListPaths = (
				"${PODS_ROOT}/Target Support Files/Pods-BikeCollectionMemo/Pods-BikeCollectionMemo-resources-${CONFIGURATION}-input-files.xcfilelist",
			);
			name = "[CP] Copy Pods Resources";
			outputFileListPaths = (
				"${PODS_ROOT}/Target Support Files/Pods-BikeCollectionMemo/Pods-BikeCollectionMemo-resources-${CONFIGURATION}-output-files.xcfilelist",
			);
			runOnlyForDeploymentPostprocessing = 0;
			shellPath = /bin/sh;
			shellScript = "\"${PODS_ROOT}/Target Support Files/Pods-BikeCollectionMemo/Pods-BikeCollectionMemo-resources.sh\"\n";
			showEnvVarsInLog = 0;
		};
/* End PBXShellScriptBuildPhase section */

/* Begin PBXSourcesBuildPhase section */
		28AA08152E0BE4AB00B718BC /* Sources */ = {
			isa = PBXSourcesBuildPhase;
			buildActionMask = 2147483647;
			files = (
			);
			runOnlyForDeploymentPostprocessing = 0;
		};
		28AA08222E0BE4AC00B718BC /* Sources */ = {
			isa = PBXSourcesBuildPhase;
			buildActionMask = 2147483647;
			files = (
			);
			runOnlyForDeploymentPostprocessing = 0;
		};
		28AA082C2E0BE4AC00B718BC /* Sources */ = {
			isa = PBXSourcesBuildPhase;
			buildActionMask = 2147483647;
			files = (
			);
			runOnlyForDeploymentPostprocessing = 0;
		};
/* End PBXSourcesBuildPhase section */

/* Begin PBXTargetDependency section */
		28AA08282E0BE4AC00B718BC /* PBXTargetDependency */ = {
			isa = PBXTargetDependency;
			target = 28AA08182E0BE4AB00B718BC /* BikeCollectionMemo */;
			targetProxy = 28AA08272E0BE4AC00B718BC /* PBXContainerItemProxy */;
		};
		28AA08322E0BE4AC00B718BC /* PBXTargetDependency */ = {
			isa = PBXTargetDependency;
			target = 28AA08182E0BE4AB00B718BC /* BikeCollectionMemo */;
			targetProxy = 28AA08312E0BE4AC00B718BC /* PBXContainerItemProxy */;
		};
/* End PBXTargetDependency section */

/* Begin XCBuildConfiguration section */
		28AA08382E0BE4AC00B718BC /* Debug */ = {
			isa = XCBuildConfiguration;
			buildSettings = {
				ALWAYS_SEARCH_USER_PATHS = NO;
				ASSETCATALOG_COMPILER_GENERATE_SWIFT_ASSET_SYMBOL_EXTENSIONS = YES;
				CLANG_ANALYZER_NONNULL = YES;
				CLANG_ANALYZER_NUMBER_OBJECT_CONVERSION = YES_AGGRESSIVE;
				CLANG_CXX_LANGUAGE_STANDARD = "gnu++20";
				CLANG_ENABLE_MODULES = YES;
				CLANG_ENABLE_OBJC_ARC = YES;
				CLANG_ENABLE_OBJC_WEAK = YES;
				CLANG_WARN_BLOCK_CAPTURE_AUTORELEASING = YES;
				CLANG_WARN_BOOL_CONVERSION = YES;
				CLANG_WARN_COMMA = YES;
				CLANG_WARN_CONSTANT_CONVERSION = YES;
				CLANG_WARN_DEPRECATED_OBJC_IMPLEMENTATIONS = YES;
				CLANG_WARN_DIRECT_OBJC_ISA_USAGE = YES_ERROR;
				CLANG_WARN_DOCUMENTATION_COMMENTS = YES;
				CLANG_WARN_EMPTY_BODY = YES;
				CLANG_WARN_ENUM_CONVERSION = YES;
				CLANG_WARN_INFINITE_RECURSION = YES;
				CLANG_WARN_INT_CONVERSION = YES;
				CLANG_WARN_NON_LITERAL_NULL_CONVERSION = YES;
				CLANG_WARN_OBJC_IMPLICIT_RETAIN_SELF = YES;
				CLANG_WARN_OBJC_LITERAL_CONVERSION = YES;
				CLANG_WARN_OBJC_ROOT_CLASS = YES_ERROR;
				CLANG_WARN_QUOTED_INCLUDE_IN_FRAMEWORK_HEADER = YES;
				CLANG_WARN_RANGE_LOOP_ANALYSIS = YES;
				CLANG_WARN_STRICT_PROTOTYPES = YES;
				CLANG_WARN_SUSPICIOUS_MOVE = YES;
				CLANG_WARN_UNGUARDED_AVAILABILITY = YES_AGGRESSIVE;
				CLANG_WARN_UNREACHABLE_CODE = YES;
				CLANG_WARN__DUPLICATE_METHOD_MATCH = YES;
				COPY_PHASE_STRIP = NO;
				DEBUG_INFORMATION_FORMAT = "dwarf-with-dsym";
				DEVELOPMENT_TEAM = V47R62H7V3;
				ENABLE_STRICT_OBJC_MSGSEND = YES;
				ENABLE_TESTABILITY = YES;
				ENABLE_USER_SCRIPT_SANDBOXING = NO;
				GCC_C_LANGUAGE_STANDARD = gnu17;
				GCC_DYNAMIC_NO_PIC = NO;
				GCC_NO_COMMON_BLOCKS = YES;
				GCC_OPTIMIZATION_LEVEL = 0;
				GCC_PREPROCESSOR_DEFINITIONS = (
					"DEBUG=1",
					"$(inherited)",
				);
				GCC_WARN_64_TO_32_BIT_CONVERSION = YES;
				GCC_WARN_ABOUT_RETURN_TYPE = YES_ERROR;
				GCC_WARN_UNDECLARED_SELECTOR = YES;
				GCC_WARN_UNINITIALIZED_AUTOS = YES_AGGRESSIVE;
				GCC_WARN_UNUSED_FUNCTION = YES;
				GCC_WARN_UNUSED_VARIABLE = YES;
				IPHONEOS_DEPLOYMENT_TARGET = 18.4;
				LOCALIZATION_PREFERS_STRING_CATALOGS = YES;
				MTL_ENABLE_DEBUG_INFO = INCLUDE_SOURCE;
				MTL_FAST_MATH = YES;
				ONLY_ACTIVE_ARCH = YES;
				SDKROOT = iphoneos;
				SWIFT_ACTIVE_COMPILATION_CONDITIONS = "DEBUG $(inherited)";
				SWIFT_OPTIMIZATION_LEVEL = "-Onone";
			};
			name = Debug;
		};
		28AA08392E0BE4AC00B718BC /* Release */ = {
			isa = XCBuildConfiguration;
			buildSettings = {
				ALWAYS_SEARCH_USER_PATHS = NO;
				ASSETCATALOG_COMPILER_GENERATE_SWIFT_ASSET_SYMBOL_EXTENSIONS = YES;
				CLANG_ANALYZER_NONNULL = YES;
				CLANG_ANALYZER_NUMBER_OBJECT_CONVERSION = YES_AGGRESSIVE;
				CLANG_CXX_LANGUAGE_STANDARD = "gnu++20";
				CLANG_ENABLE_MODULES = YES;
				CLANG_ENABLE_OBJC_ARC = YES;
				CLANG_ENABLE_OBJC_WEAK = YES;
				CLANG_WARN_BLOCK_CAPTURE_AUTORELEASING = YES;
				CLANG_WARN_BOOL_CONVERSION = YES;
				CLANG_WARN_COMMA = YES;
				CLANG_WARN_CONSTANT_CONVERSION = YES;
				CLANG_WARN_DEPRECATED_OBJC_IMPLEMENTATIONS = YES;
				CLANG_WARN_DIRECT_OBJC_ISA_USAGE = YES_ERROR;
				CLANG_WARN_DOCUMENTATION_COMMENTS = YES;
				CLANG_WARN_EMPTY_BODY = YES;
				CLANG_WARN_ENUM_CONVERSION = YES;
				CLANG_WARN_INFINITE_RECURSION = YES;
				CLANG_WARN_INT_CONVERSION = YES;
				CLANG_WARN_NON_LITERAL_NULL_CONVERSION = YES;
				CLANG_WARN_OBJC_IMPLICIT_RETAIN_SELF = YES;
				CLANG_WARN_OBJC_LITERAL_CONVERSION = YES;
				CLANG_WARN_OBJC_ROOT_CLASS = YES_ERROR;
				CLANG_WARN_QUOTED_INCLUDE_IN_FRAMEWORK_HEADER = YES;
				CLANG_WARN_RANGE_LOOP_ANALYSIS = YES;
				CLANG_WARN_STRICT_PROTOTYPES = YES;
				CLANG_WARN_SUSPICIOUS_MOVE = YES;
				CLANG_WARN_UNGUARDED_AVAILABILITY = YES_AGGRESSIVE;
				CLANG_WARN_UNREACHABLE_CODE = YES;
				CLANG_WARN__DUPLICATE_METHOD_MATCH = YES;
				COPY_PHASE_STRIP = NO;
				DEBUG_INFORMATION_FORMAT = "dwarf-with-dsym";
				DEVELOPMENT_TEAM = V47R62H7V3;
				DWARF_DSYM_FILE_NAME = "$(EXECUTABLE_NAME).dSYM";
				DWARF_DSYM_FOLDER_PATH = "$(CONFIGURATION_BUILD_DIR)";
				ENABLE_NS_ASSERTIONS = NO;
				ENABLE_STRICT_OBJC_MSGSEND = YES;
				ENABLE_USER_SCRIPT_SANDBOXING = NO;
				GCC_C_LANGUAGE_STANDARD = gnu17;
				GCC_NO_COMMON_BLOCKS = YES;
				GCC_WARN_64_TO_32_BIT_CONVERSION = YES;
				GCC_WARN_ABOUT_RETURN_TYPE = YES_ERROR;
				GCC_WARN_UNDECLARED_SELECTOR = YES;
				GCC_WARN_UNINITIALIZED_AUTOS = YES_AGGRESSIVE;
				GCC_WARN_UNUSED_FUNCTION = YES;
				GCC_WARN_UNUSED_VARIABLE = YES;
				IPHONEOS_DEPLOYMENT_TARGET = 18.4;
				LOCALIZATION_PREFERS_STRING_CATALOGS = YES;
				MTL_ENABLE_DEBUG_INFO = NO;
				MTL_FAST_MATH = YES;
				SDKROOT = iphoneos;
				STRIP_INSTALLED_PRODUCT = NO;
				SWIFT_COMPILATION_MODE = wholemodule;
				VALIDATE_PRODUCT = YES;
			};
			name = Release;
		};
		28AA083B2E0BE4AC00B718BC /* Debug */ = {
			isa = XCBuildConfiguration;
			baseConfigurationReference = 680424565BAC3C06466D078E /* Pods-BikeCollectionMemo.debug.xcconfig */;
			buildSettings = {
				ASSETCATALOG_COMPILER_APPICON_NAME = AppIcon;
				ASSETCATALOG_COMPILER_GLOBAL_ACCENT_COLOR_NAME = AccentColor;
				CODE_SIGN_STYLE = Automatic;
				CURRENT_PROJECT_VERSION = 4;
				DEBUG_INFORMATION_FORMAT = "dwarf-with-dsym";
				DEVELOPMENT_TEAM = V47R62H7V3;
				DWARF_DSYM_FILE_NAME = "$(EXECUTABLE_NAME).dSYM";
				DWARF_DSYM_FOLDER_PATH = "$(CONFIGURATION_BUILD_DIR)";
				ENABLE_PREVIEWS = YES;
				GENERATE_INFOPLIST_FILE = YES;
				INFOPLIST_FILE = BikeCollectionMemo/Info.plist;
				INFOPLIST_KEY_UIApplicationSceneManifest_Generation = YES;
				INFOPLIST_KEY_UIApplicationSupportsIndirectInputEvents = YES;
				INFOPLIST_KEY_UILaunchScreen_Generation = YES;
				INFOPLIST_KEY_UISupportedInterfaceOrientations_iPad = "UIInterfaceOrientationPortrait UIInterfaceOrientationPortraitUpsideDown UIInterfaceOrientationLandscapeLeft UIInterfaceOrientationLandscapeRight";
				INFOPLIST_KEY_UISupportedInterfaceOrientations_iPhone = "UIInterfaceOrientationPortrait UIInterfaceOrientationLandscapeLeft UIInterfaceOrientationLandscapeRight";
				LD_RUNPATH_SEARCH_PATHS = (
					"$(inherited)",
					"@executable_path/Frameworks",
				);
				MARKETING_VERSION = 1.3.0;
				PRODUCT_BUNDLE_IDENTIFIER = Ks.BikeCollectionMemo;
				PRODUCT_NAME = "モトメモ";
				STRIP_INSTALLED_PRODUCT = NO;
				SWIFT_EMIT_LOC_STRINGS = YES;
				SWIFT_VERSION = 5.0;
				TARGETED_DEVICE_FAMILY = "1,2";
			};
			name = Debug;
		};
		28AA083C2E0BE4AC00B718BC /* Release */ = {
			isa = XCBuildConfiguration;
			baseConfigurationReference = 9C9C1BFC484FA4CD9CB84B8C /* Pods-BikeCollectionMemo.release.xcconfig */;
			buildSettings = {
				ASSETCATALOG_COMPILER_APPICON_NAME = AppIcon;
				ASSETCATALOG_COMPILER_GLOBAL_ACCENT_COLOR_NAME = AccentColor;
				CODE_SIGN_STYLE = Automatic;
				CURRENT_PROJECT_VERSION = 4;
				DEBUG_INFORMATION_FORMAT = "dwarf-with-dsym";
				DEVELOPMENT_TEAM = V47R62H7V3;
				DWARF_DSYM_FILE_NAME = "$(EXECUTABLE_NAME).dSYM";
				DWARF_DSYM_FOLDER_PATH = "$(CONFIGURATION_BUILD_DIR)";
				ENABLE_PREVIEWS = YES;
				GENERATE_INFOPLIST_FILE = YES;
				INFOPLIST_FILE = BikeCollectionMemo/Info.plist;
				INFOPLIST_KEY_UIApplicationSceneManifest_Generation = YES;
				INFOPLIST_KEY_UIApplicationSupportsIndirectInputEvents = YES;
				INFOPLIST_KEY_UILaunchScreen_Generation = YES;
				INFOPLIST_KEY_UISupportedInterfaceOrientations_iPad = "UIInterfaceOrientationPortrait UIInterfaceOrientationPortraitUpsideDown UIInterfaceOrientationLandscapeLeft UIInterfaceOrientationLandscapeRight";
				INFOPLIST_KEY_UISupportedInterfaceOrientations_iPhone = "UIInterfaceOrientationPortrait UIInterfaceOrientationLandscapeLeft UIInterfaceOrientationLandscapeRight";
				LD_RUNPATH_SEARCH_PATHS = (
					"$(inherited)",
					"@executable_path/Frameworks",
				);
				MARKETING_VERSION = 1.3.0;
				PRODUCT_BUNDLE_IDENTIFIER = Ks.BikeCollectionMemo;
				PRODUCT_NAME = "モトメモ";
				STRIP_INSTALLED_PRODUCT = NO;
				SWIFT_EMIT_LOC_STRINGS = YES;
				SWIFT_VERSION = 5.0;
				TARGETED_DEVICE_FAMILY = "1,2";
			};
			name = Release;
		};
		28AA083E2E0BE4AC00B718BC /* Debug */ = {
			isa = XCBuildConfiguration;
			baseConfigurationReference = 8D0E54C5761E377D45DBEEDE /* Pods-BikeCollectionMemoTests.debug.xcconfig */;
			buildSettings = {
				BUNDLE_LOADER = "$(TEST_HOST)";
				CODE_SIGN_STYLE = Automatic;
				CURRENT_PROJECT_VERSION = 4;
				DEVELOPMENT_TEAM = V47R62H7V3;
				GENERATE_INFOPLIST_FILE = YES;
				IPHONEOS_DEPLOYMENT_TARGET = 18.4;
				MARKETING_VERSION = 1.3.0;
				PRODUCT_BUNDLE_IDENTIFIER = Ks.BikeCollectionMemoTests;
				PRODUCT_NAME = "モトメモ";
				SWIFT_EMIT_LOC_STRINGS = NO;
				SWIFT_VERSION = 5.0;
				TARGETED_DEVICE_FAMILY = "1,2";
				TEST_HOST = "$(BUILT_PRODUCTS_DIR)/BikeCollectionMemo.app/$(BUNDLE_EXECUTABLE_FOLDER_PATH)/BikeCollectionMemo";
			};
			name = Debug;
		};
		28AA083F2E0BE4AC00B718BC /* Release */ = {
			isa = XCBuildConfiguration;
			baseConfigurationReference = E9518BED0AE88D9C91FC529B /* Pods-BikeCollectionMemoTests.release.xcconfig */;
			buildSettings = {
				BUNDLE_LOADER = "$(TEST_HOST)";
				CODE_SIGN_STYLE = Automatic;
				CURRENT_PROJECT_VERSION = 4;
				DEVELOPMENT_TEAM = V47R62H7V3;
				GENERATE_INFOPLIST_FILE = YES;
				IPHONEOS_DEPLOYMENT_TARGET = 18.4;
				MARKETING_VERSION = 1.3.0;
				PRODUCT_BUNDLE_IDENTIFIER = Ks.BikeCollectionMemoTests;
				PRODUCT_NAME = "モトメモ";
				SWIFT_EMIT_LOC_STRINGS = NO;
				SWIFT_VERSION = 5.0;
				TARGETED_DEVICE_FAMILY = "1,2";
				TEST_HOST = "$(BUILT_PRODUCTS_DIR)/BikeCollectionMemo.app/$(BUNDLE_EXECUTABLE_FOLDER_PATH)/BikeCollectionMemo";
			};
			name = Release;
		};
		28AA08412E0BE4AC00B718BC /* Debug */ = {
			isa = XCBuildConfiguration;
			baseConfigurationReference = 8ED9FC835F2BCA93E176EB37 /* Pods-BikeCollectionMemo-BikeCollectionMemoUITests.debug.xcconfig */;
			buildSettings = {
				CODE_SIGN_STYLE = Automatic;
				CURRENT_PROJECT_VERSION = 4;
				DEVELOPMENT_TEAM = V47R62H7V3;
				GENERATE_INFOPLIST_FILE = YES;
				MARKETING_VERSION = 1.3.0;
				PRODUCT_BUNDLE_IDENTIFIER = Ks.BikeCollectionMemoUITests;
				PRODUCT_NAME = "モトメモ";
				SWIFT_EMIT_LOC_STRINGS = NO;
				SWIFT_VERSION = 5.0;
				TARGETED_DEVICE_FAMILY = "1,2";
				TEST_TARGET_NAME = BikeCollectionMemo;
			};
			name = Debug;
		};
		28AA08422E0BE4AC00B718BC /* Release */ = {
			isa = XCBuildConfiguration;
			baseConfigurationReference = D9511570F68F10D41F3A08AC /* Pods-BikeCollectionMemo-BikeCollectionMemoUITests.release.xcconfig */;
			buildSettings = {
				CODE_SIGN_STYLE = Automatic;
				CURRENT_PROJECT_VERSION = 4;
				DEVELOPMENT_TEAM = V47R62H7V3;
				GENERATE_INFOPLIST_FILE = YES;
				MARKETING_VERSION = 1.3.0;
				PRODUCT_BUNDLE_IDENTIFIER = Ks.BikeCollectionMemoUITests;
				PRODUCT_NAME = "モトメモ";
				SWIFT_EMIT_LOC_STRINGS = NO;
				SWIFT_VERSION = 5.0;
				TARGETED_DEVICE_FAMILY = "1,2";
				TEST_TARGET_NAME = BikeCollectionMemo;
			};
			name = Release;
		};
/* End XCBuildConfiguration section */

/* Begin XCConfigurationList section */
		28AA08142E0BE4AB00B718BC /* Build configuration list for PBXProject "BikeCollectionMemo" */ = {
			isa = XCConfigurationList;
			buildConfigurations = (
				28AA08382E0BE4AC00B718BC /* Debug */,
				28AA08392E0BE4AC00B718BC /* Release */,
			);
			defaultConfigurationIsVisible = 0;
			defaultConfigurationName = Release;
		};
		28AA083A2E0BE4AC00B718BC /* Build configuration list for PBXNativeTarget "BikeCollectionMemo" */ = {
			isa = XCConfigurationList;
			buildConfigurations = (
				28AA083B2E0BE4AC00B718BC /* Debug */,
				28AA083C2E0BE4AC00B718BC /* Release */,
			);
			defaultConfigurationIsVisible = 0;
			defaultConfigurationName = Release;
		};
		28AA083D2E0BE4AC00B718BC /* Build configuration list for PBXNativeTarget "BikeCollectionMemoTests" */ = {
			isa = XCConfigurationList;
			buildConfigurations = (
				28AA083E2E0BE4AC00B718BC /* Debug */,
				28AA083F2E0BE4AC00B718BC /* Release */,
			);
			defaultConfigurationIsVisible = 0;
			defaultConfigurationName = Release;
		};
		28AA08402E0BE4AC00B718BC /* Build configuration list for PBXNativeTarget "BikeCollectionMemoUITests" */ = {
			isa = XCConfigurationList;
			buildConfigurations = (
				28AA08412E0BE4AC00B718BC /* Debug */,
				28AA08422E0BE4AC00B718BC /* Release */,
			);
			defaultConfigurationIsVisible = 0;
			defaultConfigurationName = Release;
		};
/* End XCConfigurationList section */
	};
	rootObject = 28AA08112E0BE4AB00B718BC /* Project object */;
}
